{
    "numFound": 3,
    "start": 0,
    "numFoundExact": true,
    "docs": [
        {
            "author_key": [
                "OL2666337A"
            ],
            "author_name": [
                "Peter Steele"
            ],
            "ddc": [
                "828"
            ],
            "ebook_access": "no_ebook",
            "ebook_count_i": 0,
            "edition_count": 1,
            "edition_key": [
                "OL15212978M"
            ],
            "first_publish_year": 1992,
            "has_fulltext": false,
            "isbn": [
                "187452601X",
                "9781874526018"
            ],
            "key": "/works/OL8008880W",
            "language": [
                "eng"
            ],
            "last_modified_i": 1307531948,
            "number_of_pages_median": 40,
            "oclc": [
                "27686632"
            ],
            "public_scan_b": false,
            "publish_date": [
                "1992"
            ],
            "publish_place": [
                "Gloucester"
            ],
            "publish_year": [
                1992
            ],
            "publisher": [
                "Zaphire"
            ],
            "seed": [
                "/books/OL15212978M",
                "/works/OL8008880W",
                "/authors/OL2666337A"
            ],
            "title": "Hilarious book-titles & authors",
            "title_suggest": "Hilarious book-titles & authors",
            "title_sort": "Hilarious book-titles & authors",
            "type": "work",
            "publisher_facet": [
                "Zaphire"
            ],
            "_version_": 1795927570441568257,
            "author_facet": [
                "OL2666337A Peter Steele"
            ],
            "ddc_sort": "828"
        },
        {
            "author_key": [
                "OL2348743A"
            ],
            "author_name": [
                "G. Douglas"
            ],
            "ebook_access": "no_ebook",
            "ebook_count_i": 0,
            "edition_count": 1,
            "edition_key": [
                "OL21467954M"
            ],
            "first_publish_year": 1922,
            "has_fulltext": false,
            "key": "/works/OL7645738W",
            "language": [
                "eng"
            ],
            "last_modified_i": 1260861888,
            "public_scan_b": false,
            "publish_date": [
                "1922"
            ],
            "publish_year": [
                1922
            ],
            "seed": [
                "/books/OL21467954M",
                "/works/OL7645738W",
                "/authors/OL2348743A"
            ],
            "title": "A gossip on book-titles",
            "title_suggest": "A gossip on book-titles",
            "title_sort": "A gossip on book-titles",
            "type": "work",
            "_version_": 1795926928197156865,
            "author_facet": [
                "OL2348743A G. Douglas"
            ]
        },
        {
            "author_key": [
                "OL1291470A"
            ],
            "author_name": [
                "Charles Rockwell Lanman"
            ],
            "ddc": [
                "891.3"
            ],
            "ebook_access": "no_ebook",
            "ebook_count_i": 0,
            "edition_count": 1,
            "edition_key": [
                "OL45017626M"
            ],
            "first_publish_year": 1909,
            "has_fulltext": false,
            "key": "/works/OL33140796W",
            "language": [
                "eng"
            ],
            "last_modified_i": 1672270658,
            "lcc": [
                "Z--7090.00000000.L366"
            ],
            "number_of_pages_median": 707,
            "oclc": [
                "6591566"
            ],
            "public_scan_b": false,
            "publish_date": [
                "1909"
            ],
            "publish_place": [
                "Boston]"
            ],
            "publish_year": [
                1909
            ],
            "publisher": [
                "[American academy of arts and sciences]"
            ],
            "seed": [
                "/books/OL45017626M",
                "/works/OL33140796W",
                "/authors/OL1291470A"
            ],
            "title": "Pali book-titles and their brief designations",
            "title_suggest": "Pali book-titles and their brief designations",
            "title_sort": "Pali book-titles and their brief designations",
            "type": "work",
            "publisher_facet": [
                "[American academy of arts and sciences]"
            ],
            "_version_": 1795905810522439680,
            "lcc_sort": "Z--7090.00000000.L366",
            "author_facet": [
                "OL1291470A Charles Rockwell Lanman"
            ],
            "ddc_sort": "891.3"
        }
    ],
    "num_found": 3,
    "q": "",
    "offset": null
}